{
  "requires": true,
  "lockfileVersion": 1,
  "dependencies": {
    "types-registry": {
      "version": "0.1.700",
      "resolved": "https://registry.npmjs.org/types-registry/-/types-registry-0.1.700.tgz",
      "integrity": "sha512-xuC3Sih06S+WIgdPcy9i1iqky9bgw54CeP+GDv1p5GFSumAXCPA1rMPzlIZfbrQ67TgJbmdr3Yr2TxZv0Bcl3Q=="
    }
  }
}
